{
  "lockfileVersion": 1,
  "configVersion": 1,
  "workspaces": {
    "": {
      "name": "markdown-exit-image",
      "dependencies": {
        "thumbhash": "^0.1.1",
      },
      "devDependencies": {
        "@tsconfig/node20": "^20.1.8",
        "@types/node": "^24.10.1",
        "tsdown": "^0.16.6",
        "typescript": "^5.9.3",
      },
      "peerDependencies": {
        "markdown-exit": "1.0.0-beta.6",
      },
    },
  },
  "packages": {
    "@babel/generator": ["@babel/generator@7.28.5", "", { "dependencies": { "@babel/parser": "7.28.5", "@babel/types": "7.28.5", "@jridgewell/gen-mapping": "0.3.13", "@jridgewell/trace-mapping": "0.3.31", "jsesc": "3.1.0" } }, "sha512-3EwLFhZ38J4VyIP6WNtt2kUdW9dokXA9Cr4IVIFHuCpZ3H8/YFOl5JjZHisrn1fATPBmKKqXzDFvh9fUwHz6CQ=="],

    "@babel/helper-string-parser": ["@babel/helper-string-parser@7.27.1", "", {}, "sha512-qMlSxKbpRlAridDExk92nSobyDdpPijUq2DW6oDnUqd0iOGxmQjyqhMIihI9+zv4LPyZdRje2cavWPbCbWm3eA=="],

    "@babel/helper-validator-identifier": ["@babel/helper-validator-identifier@7.28.5", "", {}, "sha512-qSs4ifwzKJSV39ucNjsvc6WVHs6b7S03sOh2OcHF9UHfVPqWWALUsNUVzhSBiItjRZoLHx7nIarVjqKVusUZ1Q=="],

    "@babel/parser": ["@babel/parser@7.28.5", "", { "dependencies": { "@babel/types": "7.28.5" }, "bin": "./bin/babel-parser.js" }, "sha512-KKBU1VGYR7ORr3At5HAtUQ+TV3SzRCXmA/8OdDZiLDBIZxVyzXuztPjfLd3BV1PRAQGCMWWSHYhL0F8d5uHBDQ=="],

    "@babel/types": ["@babel/types@7.28.5", "", { "dependencies": { "@babel/helper-string-parser": "7.27.1", "@babel/helper-validator-identifier": "7.28.5" } }, "sha512-qQ5m48eI/MFLQ5PxQj4PFaprjyCTLI37ElWMmNs0K8Lk3dVeOdNpB3ks8jc7yM5CDmVC73eMVk/trk3fgmrUpA=="],

    "@emnapi/core": ["@emnapi/core@1.7.1", "", { "dependencies": { "@emnapi/wasi-threads": "1.1.0", "tslib": "2.8.1" } }, "sha512-o1uhUASyo921r2XtHYOHy7gdkGLge8ghBEQHMWmyJFoXlpU58kIrhhN3w26lpQb6dspetweapMn2CSNwQ8I4wg=="],

    "@emnapi/runtime": ["@emnapi/runtime@1.7.1", "", { "dependencies": { "tslib": "2.8.1" } }, "sha512-PVtJr5CmLwYAU9PZDMITZoR5iAOShYREoR45EyyLrbntV50mdePTgUn4AmOw90Ifcj+x2kRjdzr1HP3RrNiHGA=="],

    "@emnapi/wasi-threads": ["@emnapi/wasi-threads@1.1.0", "", { "dependencies": { "tslib": "2.8.1" } }, "sha512-WI0DdZ8xFSbgMjR1sFsKABJ/C5OnRrjT06JXbZKexJGrDuPTzZdDYfFlsgcCXCyf+suG5QU2e/y1Wo2V/OapLQ=="],

    "@jridgewell/gen-mapping": ["@jridgewell/gen-mapping@0.3.13", "", { "dependencies": { "@jridgewell/sourcemap-codec": "1.5.5", "@jridgewell/trace-mapping": "0.3.31" } }, "sha512-2kkt/7niJ6MgEPxF0bYdQ6etZaA+fQvDcLKckhy1yIQOzaoKjBBjSj63/aLVjYE3qhRt5dvM+uUyfCg6UKCBbA=="],

    "@jridgewell/resolve-uri": ["@jridgewell/resolve-uri@3.1.2", "", {}, "sha512-bRISgCIjP20/tbWSPWMEi54QVPRZExkuD9lJL+UIxUKtwVJA8wW1Trb1jMs1RFXo1CBTNZ/5hpC9QvmKWdopKw=="],

    "@jridgewell/sourcemap-codec": ["@jridgewell/sourcemap-codec@1.5.5", "", {}, "sha512-cYQ9310grqxueWbl+WuIUIaiUaDcj7WOq5fVhEljNVgRfOUhY9fy2zTvfoqWsnebh8Sl70VScFbICvJnLKB0Og=="],

    "@jridgewell/trace-mapping": ["@jridgewell/trace-mapping@0.3.31", "", { "dependencies": { "@jridgewell/resolve-uri": "3.1.2", "@jridgewell/sourcemap-codec": "1.5.5" } }, "sha512-zzNR+SdQSDJzc8joaeP8QQoCQr8NuYx2dIIytl1QeBEZHJ9uW6hebsrYgbz8hJwUQao3TWCMtmfV8Nu1twOLAw=="],

    "@napi-rs/wasm-runtime": ["@napi-rs/wasm-runtime@1.0.7", "", { "dependencies": { "@emnapi/core": "1.7.1", "@emnapi/runtime": "1.7.1", "@tybys/wasm-util": "0.10.1" } }, "sha512-SeDnOO0Tk7Okiq6DbXmmBODgOAb9dp9gjlphokTUxmt8U3liIP1ZsozBahH69j/RJv+Rfs6IwUKHTgQYJ/HBAw=="],

    "@oxc-project/runtime": ["@oxc-project/runtime@0.96.0", "", {}, "sha512-34lh4o9CcSw09Hx6fKihPu85+m+4pmDlkXwJrLvN5nMq5JrcGhhihVM415zDqT8j8IixO1PYYdQZRN4SwQCncg=="],

    "@oxc-project/types": ["@oxc-project/types@0.98.0", "", {}, "sha512-Vzmd6FsqVuz5HQVcRC/hrx7Ujo3WEVeQP7C2UNP5uy1hUY4SQvMB+93jxkI1KRHz9a/6cni3glPOtvteN+zpsw=="],

    "@pkgr/core": ["@pkgr/core@0.2.9", "", {}, "sha512-QNqXyfVS2wm9hweSYD2O7F0G06uurj9kZ96TRQE5Y9hU7+tgdZwIkbAKc5Ocy1HxEY2kuDQa6cQ1WRs/O5LFKA=="],

    "@quansync/fs": ["@quansync/fs@0.1.5", "", { "dependencies": { "quansync": "0.2.11" } }, "sha512-lNS9hL2aS2NZgNW7BBj+6EBl4rOf8l+tQ0eRY6JWCI8jI2kc53gSoqbjojU0OnAWhzoXiOjFyGsHcDGePB3lhA=="],

    "@rolldown/binding-android-arm64": ["@rolldown/binding-android-arm64@1.0.0-beta.51", "", { "os": "android", "cpu": "arm64" }, "sha512-Ctn8FUXKWWQI9pWC61P1yumS9WjQtelNS9riHwV7oCkknPGaAry4o7eFx2KgoLMnI2BgFJYpW7Im8/zX3BuONg=="],

    "@rolldown/binding-darwin-arm64": ["@rolldown/binding-darwin-arm64@1.0.0-beta.51", "", { "os": "darwin", "cpu": "arm64" }, "sha512-EL1aRW2Oq15ShUEkBPsDtLMO8GTqfb/ktM/dFaVzXKQiEE96Ss6nexMgfgQrg8dGnNpndFyffVDb5IdSibsu1g=="],

    "@rolldown/binding-darwin-x64": ["@rolldown/binding-darwin-x64@1.0.0-beta.51", "", { "os": "darwin", "cpu": "x64" }, "sha512-uGtYKlFen9pMIPvkHPWZVDtmYhMQi5g5Ddsndg1gf3atScKYKYgs5aDP4DhHeTwGXQglhfBG7lEaOIZ4UAIWww=="],

    "@rolldown/binding-freebsd-x64": ["@rolldown/binding-freebsd-x64@1.0.0-beta.51", "", { "os": "freebsd", "cpu": "x64" }, "sha512-JRoVTQtHYbZj1P07JLiuTuXjiBtIa7ag7/qgKA6CIIXnAcdl4LrOf7nfDuHPJcuRKaP5dzecMgY99itvWfmUFQ=="],

    "@rolldown/binding-linux-arm-gnueabihf": ["@rolldown/binding-linux-arm-gnueabihf@1.0.0-beta.51", "", { "os": "linux", "cpu": "arm" }, "sha512-BKATVnpPZ0TYBW9XfDwyd4kPGgvf964HiotIwUgpMrFOFYWqpZ+9ONNzMV4UFAYC7Hb5C2qgYQk/qj2OnAd4RQ=="],

    "@rolldown/binding-linux-arm64-gnu": ["@rolldown/binding-linux-arm64-gnu@1.0.0-beta.51", "", { "os": "linux", "cpu": "arm64" }, "sha512-xLd7da5jkfbVsBCm1buIRdWtuXY8+hU3+6ESXY/Tk5X5DPHaifrUblhYDgmA34dQt6WyNC2kfXGgrduPEvDI6Q=="],

    "@rolldown/binding-linux-arm64-musl": ["@rolldown/binding-linux-arm64-musl@1.0.0-beta.51", "", { "os": "linux", "cpu": "arm64" }, "sha512-EQFXTgHxxTzv3t5EmjUP/DfxzFYx9sMndfLsYaAY4DWF6KsK1fXGYsiupif6qPTViPC9eVmRm78q0pZU/kuIPg=="],

    "@rolldown/binding-linux-x64-gnu": ["@rolldown/binding-linux-x64-gnu@1.0.0-beta.51", "", { "os": "linux", "cpu": "x64" }, "sha512-p5P6Xpa68w3yFaAdSzIZJbj+AfuDnMDqNSeglBXM7UlJT14Q4zwK+rV+8Mhp9MiUb4XFISZtbI/seBprhkQbiQ=="],

    "@rolldown/binding-linux-x64-musl": ["@rolldown/binding-linux-x64-musl@1.0.0-beta.51", "", { "os": "linux", "cpu": "x64" }, "sha512-sNVVyLa8HB8wkFipdfz1s6i0YWinwpbMWk5hO5S+XAYH2UH67YzUT13gs6wZTKg2x/3gtgXzYnHyF5wMIqoDAw=="],

    "@rolldown/binding-openharmony-arm64": ["@rolldown/binding-openharmony-arm64@1.0.0-beta.51", "", { "os": "none", "cpu": "arm64" }, "sha512-e/JMTz9Q8+T3g/deEi8DK44sFWZWGKr9AOCW5e8C8SCVWzAXqYXAG7FXBWBNzWEZK0Rcwo9TQHTQ9Q0gXgdCaA=="],

    "@rolldown/binding-wasm32-wasi": ["@rolldown/binding-wasm32-wasi@1.0.0-beta.51", "", { "dependencies": { "@napi-rs/wasm-runtime": "1.0.7" }, "cpu": "none" }, "sha512-We3LWqSu6J9s5Y0MK+N7fUiiu37aBGPG3Pc347EoaROuAwkCS2u9xJ5dpIyLW4B49CIbS3KaPmn4kTgPb3EyPw=="],

    "@rolldown/binding-win32-arm64-msvc": ["@rolldown/binding-win32-arm64-msvc@1.0.0-beta.51", "", { "os": "win32", "cpu": "arm64" }, "sha512-fj56buHRuMM+r/cb6ZYfNjNvO/0xeFybI6cTkTROJatdP4fvmQ1NS8D/Lm10FCSDEOkqIz8hK3TGpbAThbPHsA=="],

    "@rolldown/binding-win32-ia32-msvc": ["@rolldown/binding-win32-ia32-msvc@1.0.0-beta.51", "", { "os": "win32", "cpu": "ia32" }, "sha512-fkqEqaeEx8AySXiDm54b/RdINb3C0VovzJA3osMhZsbn6FoD73H0AOIiaVAtGr6x63hefruVKTX8irAm4Jkt2w=="],

    "@rolldown/binding-win32-x64-msvc": ["@rolldown/binding-win32-x64-msvc@1.0.0-beta.51", "", { "os": "win32", "cpu": "x64" }, "sha512-CWuLG/HMtrVcjKGa0C4GnuxONrku89g0+CsH8nT0SNhOtREXuzwgjIXNJImpE/A/DMf9JF+1Xkrq/YRr+F/rCg=="],

    "@rolldown/pluginutils": ["@rolldown/pluginutils@1.0.0-beta.51", "", {}, "sha512-51/8cNXMrqWqX3o8DZidhwz1uYq0BhHDDSfVygAND1Skx5s1TDw3APSSxCMcFFedwgqGcx34gRouwY+m404BBQ=="],

    "@tsconfig/node20": ["@tsconfig/node20@20.1.8", "", {}, "sha512-Em+IdPfByIzWRRpqWL4Z7ArLHZGxmc36BxE3jCz9nBFSm+5aLaPMZyjwu4yetvyKXeogWcxik4L1jB5JTWfw7A=="],

    "@tybys/wasm-util": ["@tybys/wasm-util@0.10.1", "", { "dependencies": { "tslib": "2.8.1" } }, "sha512-9tTaPJLSiejZKx+Bmog4uSubteqTvFrVrURwkmHixBo0G4seD0zUxp98E1DzUBJxLQ3NPwXrGKDiVjwx/DpPsg=="],

    "@types/node": ["@types/node@24.10.1", "", { "dependencies": { "undici-types": "7.16.0" } }, "sha512-GNWcUTRBgIRJD5zj+Tq0fKOJ5XZajIiBroOF0yvj2bSU1WvNdYS/dn9UxwsujGW4JX06dnHyjV2y9rRaybH0iQ=="],

    "ansis": ["ansis@4.2.0", "", {}, "sha512-HqZ5rWlFjGiV0tDm3UxxgNRqsOTniqoKZu0pIAfh7TZQMGuZK+hH0drySty0si0QXj1ieop4+SkSfPZBPPkHig=="],

    "ast-kit": ["ast-kit@2.2.0", "", { "dependencies": { "@babel/parser": "7.28.5", "pathe": "2.0.3" } }, "sha512-m1Q/RaVOnTp9JxPX+F+Zn7IcLYMzM8kZofDImfsKZd8MbR+ikdOzTeztStWqfrqIxZnYWryyI9ePm3NGjnZgGw=="],

    "birpc": ["birpc@2.8.0", "", {}, "sha512-Bz2a4qD/5GRhiHSwj30c/8kC8QGj12nNDwz3D4ErQ4Xhy35dsSDvF+RA/tWpjyU0pdGtSDiEk6B5fBGE1qNVhw=="],

    "cac": ["cac@6.7.14", "", {}, "sha512-b6Ilus+c3RrdDk+JhLKUAQfzzgLEPy6wcXqS7f/xe1EETvsDP6GORG7SFuOs6cID5YkqchW/LXZbX5bc8j7ZcQ=="],

    "chokidar": ["chokidar@4.0.3", "", { "dependencies": { "readdirp": "4.1.2" } }, "sha512-Qgzu8kfBvo+cA4962jnP1KkS6Dop5NS6g7R5LFYJr4b8Ub94PPQXUksCw9PvXoeXPRRddRNC5C1JQUR2SMGtnA=="],

    "diff": ["diff@8.0.2", "", {}, "sha512-sSuxWU5j5SR9QQji/o2qMvqRNYRDOcBTgsJ/DeCf4iSN4gW+gNMXM7wFIP+fdXZxoNiAnHUTGjCr+TSWXdRDKg=="],

    "dts-resolver": ["dts-resolver@2.1.3", "", {}, "sha512-bihc7jPC90VrosXNzK0LTE2cuLP6jr0Ro8jk+kMugHReJVLIpHz/xadeq3MhuwyO4TD4OA3L1Q8pBBFRc08Tsw=="],

    "empathic": ["empathic@2.0.0", "", {}, "sha512-i6UzDscO/XfAcNYD75CfICkmfLedpyPDdozrLMmQc5ORaQcdMoc21OnlEylMIqI7U8eniKrPMxxtj8k0vhmJhA=="],

    "entities": ["entities@7.0.0", "", {}, "sha512-FDWG5cmEYf2Z00IkYRhbFrwIwvdFKH07uV8dvNy0omp/Qb1xcyCWp2UDtcwJF4QZZvk0sLudP6/hAu42TaqVhQ=="],

    "fdir": ["fdir@6.5.0", "", { "optionalDependencies": { "picomatch": "4.0.3" } }, "sha512-tIbYtZbucOs0BRGqPJkshJUYdL+SDH7dVM8gjy+ERp3WAUjLEFJE+02kanyHtwjWOnwrKYBiwAmM0p4kLJAnXg=="],

    "get-tsconfig": ["get-tsconfig@4.13.0", "", { "dependencies": { "resolve-pkg-maps": "1.0.0" } }, "sha512-1VKTZJCwBrvbd+Wn3AOgQP/2Av+TfTCOlE4AcRJE72W1ksZXbAx8PPBR9RzgTeSPzlPMHrbANMH3LbltH73wxQ=="],

    "hookable": ["hookable@5.5.3", "", {}, "sha512-Yc+BQe8SvoXH1643Qez1zqLRmbA5rCL+sSmk6TVos0LWVfNIB7PGncdlId77WzLGSIB5KaWgTaNTs2lNVEI6VQ=="],

    "jsesc": ["jsesc@3.1.0", "", { "bin": { "jsesc": "bin/jsesc" } }, "sha512-/sM3dO2FOzXjKQhJuo0Q173wf2KOo8t4I8vHy6lF9poUp7bKT0/NHE8fPX23PwfhnykfqnC2xRxOnVw5XuGIaA=="],

    "linkify-it": ["linkify-it@5.0.0", "", { "dependencies": { "uc.micro": "2.1.0" } }, "sha512-5aHCbzQRADcdP+ATqnDuhhJ/MRIqDkZX5pyjFHRRysS8vZ5AbqGEoFIb6pYHPZ+L/OC2Lc+xT8uHVVR5CAK/wQ=="],

    "magic-string": ["magic-string@0.30.21", "", { "dependencies": { "@jridgewell/sourcemap-codec": "1.5.5" } }, "sha512-vd2F4YUyEXKGcLHoq+TEyCjxueSeHnFxyyjNp80yg0XV4vUhnDer/lvvlqM/arB5bXQN5K2/3oinyCRyx8T2CQ=="],

    "markdown-exit": ["markdown-exit@1.0.0-beta.6", "", { "dependencies": { "entities": "7.0.0", "linkify-it": "5.0.0", "mdurl": "2.0.0", "punycode.js": "2.3.1", "uc.micro": "2.1.0" } }, "sha512-ZYw/ztUMNkk8yHYV6ythIeGHx3TxTRhXFQD1xZSPX9mwc5N2x7hHW9c4QojfO9ZKaBkioyPVneX9d/Eey8ilww=="],

    "mdurl": ["mdurl@2.0.0", "", {}, "sha512-Lf+9+2r+Tdp5wXDXC4PcIBjTDtq4UKjCPMQhKIuzpJNW0b96kVqSwW0bT7FhRSfmAiFYgP+SCRvdrDozfh0U5w=="],

    "obug": ["obug@2.1.0", "", {}, "sha512-uu/tgLPoa75CFA7UDkmqspKbefvZh1WMPwkU3bNr0PY746a/+xwXVgbw5co5C3GvJj3h5u8g/pbxXzI0gd1QFg=="],

    "pathe": ["pathe@2.0.3", "", {}, "sha512-WUjGcAqP1gQacoQe+OBJsFA7Ld4DyXuUIjZ5cc75cLHvJ7dtNsTugphxIADwspS+AraAUePCKrSVtPLFj/F88w=="],

    "picomatch": ["picomatch@4.0.3", "", {}, "sha512-5gTmgEY/sqK6gFXLIsQNH19lWb4ebPDLA4SdLP7dsWkIXHWlG66oPuVvXSGFPppYZz8ZDZq0dYYrbHfBCVUb1Q=="],

    "punycode.js": ["punycode.js@2.3.1", "", {}, "sha512-uxFIHU0YlHYhDQtV4R9J6a52SLx28BCjT+4ieh7IGbgwVJWO+km431c4yRlREUAsAmt/uMjQUyQHNEPf0M39CA=="],

    "quansync": ["quansync@0.2.11", "", {}, "sha512-AifT7QEbW9Nri4tAwR5M/uzpBuqfZf+zwaEM/QkzEjj7NBuFD2rBuy0K3dE+8wltbezDV7JMA0WfnCPYRSYbXA=="],

    "readdirp": ["readdirp@4.1.2", "", {}, "sha512-GDhwkLfywWL2s6vEjyhri+eXmfH6j1L7JE27WhqLeYzoh/A3DBaYGEj2H/HFZCn/kMfim73FXxEJTw06WtxQwg=="],

    "resolve-pkg-maps": ["resolve-pkg-maps@1.0.0", "", {}, "sha512-seS2Tj26TBVOC2NIc2rOe2y2ZO7efxITtLZcGSOnHHNOQ7CkiUBfw0Iw2ck6xkIhPwLhKNLS8BO+hEpngQlqzw=="],

    "rolldown": ["rolldown@1.0.0-beta.51", "", { "dependencies": { "@oxc-project/types": "0.98.0", "@rolldown/pluginutils": "1.0.0-beta.51" }, "optionalDependencies": { "@rolldown/binding-android-arm64": "1.0.0-beta.51", "@rolldown/binding-darwin-arm64": "1.0.0-beta.51", "@rolldown/binding-darwin-x64": "1.0.0-beta.51", "@rolldown/binding-freebsd-x64": "1.0.0-beta.51", "@rolldown/binding-linux-arm-gnueabihf": "1.0.0-beta.51", "@rolldown/binding-linux-arm64-gnu": "1.0.0-beta.51", "@rolldown/binding-linux-arm64-musl": "1.0.0-beta.51", "@rolldown/binding-linux-x64-gnu": "1.0.0-beta.51", "@rolldown/binding-linux-x64-musl": "1.0.0-beta.51", "@rolldown/binding-openharmony-arm64": "1.0.0-beta.51", "@rolldown/binding-wasm32-wasi": "1.0.0-beta.51", "@rolldown/binding-win32-arm64-msvc": "1.0.0-beta.51", "@rolldown/binding-win32-ia32-msvc": "1.0.0-beta.51", "@rolldown/binding-win32-x64-msvc": "1.0.0-beta.51" }, "bin": { "rolldown": "bin/cli.mjs" } }, "sha512-ZRLgPlS91l4JztLYEZnmMcd3Umcla1hkXJgiEiR4HloRJBBoeaX8qogTu5Jfu36rRMVLndzqYv0h+M5gJAkUfg=="],

    "rolldown-plugin-dts": ["rolldown-plugin-dts@0.18.0", "", { "dependencies": { "@babel/generator": "7.28.5", "@babel/parser": "7.28.5", "@babel/types": "7.28.5", "ast-kit": "2.2.0", "birpc": "2.8.0", "dts-resolver": "2.1.3", "get-tsconfig": "4.13.0", "magic-string": "0.30.21", "obug": "2.1.0" }, "optionalDependencies": { "typescript": "5.9.3" }, "peerDependencies": { "rolldown": "1.0.0-beta.51" } }, "sha512-2CJtKYa9WPClZxkJeCt4bGUegQvQKQ1VJp9jFJzG0h8I/80XI6qDgoWfVJUOEhT2swbsRQh/42N1RIWvbXT4rA=="],

    "semver": ["semver@7.7.3", "", { "bin": { "semver": "bin/semver.js" } }, "sha512-SdsKMrI9TdgjdweUSR9MweHA4EJ8YxHn8DFaDisvhVlUOe4BF1tLD7GAj0lIqWVl+dPb/rExr0Btby5loQm20Q=="],

    "synckit": ["synckit@0.11.11", "", { "dependencies": { "@pkgr/core": "0.2.9" } }, "sha512-MeQTA1r0litLUf0Rp/iisCaL8761lKAZHaimlbGK4j0HysC4PLfqygQj9srcs0m2RdtDYnF8UuYyKpbjHYp7Jw=="],

    "thumbhash": ["thumbhash@0.1.1", "", {}, "sha512-kH5pKeIIBPQXAOni2AiY/Cu/NKdkFREdpH+TLdM0g6WA7RriCv0kPLgP731ady67MhTAqrVG/4mnEeibVuCJcg=="],

    "tinyexec": ["tinyexec@1.0.2", "", {}, "sha512-W/KYk+NFhkmsYpuHq5JykngiOCnxeVL8v8dFnqxSD8qEEdRfXk1SDM6JzNqcERbcGYj9tMrDQBYV9cjgnunFIg=="],

    "tinyglobby": ["tinyglobby@0.2.15", "", { "dependencies": { "fdir": "6.5.0", "picomatch": "4.0.3" } }, "sha512-j2Zq4NyQYG5XMST4cbs02Ak8iJUdxRM0XI5QyxXuZOzKOINmWurp3smXu3y5wDcJrptwpSjgXHzIQxR0omXljQ=="],

    "tree-kill": ["tree-kill@1.2.2", "", { "bin": { "tree-kill": "cli.js" } }, "sha512-L0Orpi8qGpRG//Nd+H90vFB+3iHnue1zSSGmNOOCh1GLJ7rUKVwV2HvijphGQS2UmhUZewS9VgvxYIdgr+fG1A=="],

    "tsdown": ["tsdown@0.16.6", "", { "dependencies": { "ansis": "4.2.0", "cac": "6.7.14", "chokidar": "4.0.3", "diff": "8.0.2", "empathic": "2.0.0", "hookable": "5.5.3", "obug": "2.1.0", "rolldown": "1.0.0-beta.51", "rolldown-plugin-dts": "0.18.0", "semver": "7.7.3", "tinyexec": "1.0.2", "tinyglobby": "0.2.15", "tree-kill": "1.2.2", "unconfig-core": "7.4.1", "unrun": "0.2.11" }, "optionalDependencies": { "typescript": "5.9.3" }, "bin": { "tsdown": "dist/run.mjs" } }, "sha512-g3xHEnGdfwJTlXhEkqww3Q/KlCfyNFw4rnzuQ9Gqw8T2xjDYrw94qmSw5wYYTAW5zV1sEfWDlfgxZo5mmtu0NQ=="],

    "tslib": ["tslib@2.8.1", "", {}, "sha512-oJFu94HQb+KVduSUQL7wnpmqnfmLsOA/nAh6b6EH0wCEoK0/mPeXU6c3wKDV83MkOuHPRHtSXKKU99IBazS/2w=="],

    "typescript": ["typescript@5.9.3", "", { "bin": { "tsc": "bin/tsc", "tsserver": "bin/tsserver" } }, "sha512-jl1vZzPDinLr9eUt3J/t7V6FgNEw9QjvBPdysz9KfQDD41fQrC2Y4vKQdiaUpFT4bXlb1RHhLpp8wtm6M5TgSw=="],

    "uc.micro": ["uc.micro@2.1.0", "", {}, "sha512-ARDJmphmdvUk6Glw7y9DQ2bFkKBHwQHLi2lsaH6PPmz/Ka9sFOBsBluozhDltWmnv9u/cF6Rt87znRTPV+yp/A=="],

    "unconfig-core": ["unconfig-core@7.4.1", "", { "dependencies": { "@quansync/fs": "0.1.5", "quansync": "0.2.11" } }, "sha512-Bp/bPZjV2Vl/fofoA2OYLSnw1Z0MOhCX7zHnVCYrazpfZvseBbGhwcNQMxsg185Mqh7VZQqK3C8hFG/Dyng+yA=="],

    "undici-types": ["undici-types@7.16.0", "", {}, "sha512-Zz+aZWSj8LE6zoxD+xrjh4VfkIG8Ya6LvYkZqtUQGJPZjYl53ypCaUwWqo7eI0x66KBGeRo+mlBEkMSeSZ38Nw=="],

    "unrun": ["unrun@0.2.11", "", { "dependencies": { "@oxc-project/runtime": "0.96.0", "rolldown": "1.0.0-beta.51" }, "optionalDependencies": { "synckit": "0.11.11" }, "bin": { "unrun": "dist/cli.mjs" } }, "sha512-HjUuNLRGfRxMvxkwOuO/CpkSzdizTPPApbarLplsTzUm8Kex+nS9eomKU1qgVus6WGWkDYhtf/mgNxGEpyTR6A=="],
  }
}
